
Microsoft Visual Studio Solution File, Format Version 11.00
# Visual Studio 2010
Project("{E24C65DC-7377-472B-9ABA-BC803B73C61A}") = "ORES", ".", "{0CDCD58B-4274-4D33-A47E-9CD30BFA6B22}"
	ProjectSection(WebsiteProperties) = preProject
		TargetFrameworkMoniker = ".NETFramework,Version%3Dv4.0"
		Debug.AspNetCompiler.VirtualPath = "/ORES"
		Debug.AspNetCompiler.PhysicalPath = "..\ORES\"
		Debug.AspNetCompiler.TargetPath = "PrecompiledWeb\ORES\"
		Debug.AspNetCompiler.Updateable = "true"
		Debug.AspNetCompiler.ForceOverwrite = "true"
		Debug.AspNetCompiler.FixedNames = "false"
		Debug.AspNetCompiler.Debug = "True"
		Release.AspNetCompiler.VirtualPath = "/ORES"
		Release.AspNetCompiler.PhysicalPath = "..\ORES\"
		Release.AspNetCompiler.TargetPath = "PrecompiledWeb\ORES\"
		Release.AspNetCompiler.Updateable = "true"
		Release.AspNetCompiler.ForceOverwrite = "true"
		Release.AspNetCompiler.FixedNames = "false"
		Release.AspNetCompiler.Debug = "False"
		VWDPort = "9715"
	EndProjectSection
EndProject
Global
	GlobalSection(SolutionConfigurationPlatforms) = preSolution
		Debug|Any CPU = Debug|Any CPU
	EndGlobalSection
	GlobalSection(ProjectConfigurationPlatforms) = postSolution
		{0CDCD58B-4274-4D33-A47E-9CD30BFA6B22}.Debug|Any CPU.ActiveCfg = Debug|Any CPU
		{0CDCD58B-4274-4D33-A47E-9CD30BFA6B22}.Debug|Any CPU.Build.0 = Debug|Any CPU
	EndGlobalSection
	GlobalSection(SolutionProperties) = preSolution
		HideSolutionNode = FALSE
	EndGlobalSection
EndGlobal
